// !$*UTF8*$!
{
	archiveVersion = 1;
	classes = {
	};
	objectVersion = 50;
	objects = {

/* Begin PBXBuildFile section */
		4CBDCFC52410A9A100265191 /* AppDelegate.m in Sources */ = {isa = PBXBuildFile; fileRef = 4CBDCFC42410A9A100265191 /* AppDelegate.m */; };
		4CBDCFC72410A9A200265191 /* Assets.xcassets in Resources */ = {isa = PBXBuildFile; fileRef = 4CBDCFC62410A9A200265191 /* Assets.xcassets */; };
		4CBDCFCA2410A9A200265191 /* MainMenu.xib in Resources */ = {isa = PBXBuildFile; fileRef = 4CBDCFC82410A9A200265191 /* MainMenu.xib */; };
		4CBDCFCD2410A9A200265191 /* main.m in Sources */ = {isa = PBXBuildFile; fileRef = 4CBDCFCC2410A9A200265191 /* main.m */; };
		4CBDCFD62410A9E200265191 /* WindowDelegate.m in Sources */ = {isa = PBXBuildFile; fileRef = 4CBDCFD52410A9E200265191 /* WindowDelegate.m */; };
/* End PBXBuildFile section */

/* Begin PBXFileReference section */
		4CBDCFC02410A9A100265191 /* IgnoresMouse.app */ = {isa = PBXFileReference; explicitFileType = wrapper.application; includeInIndex = 0; path = IgnoresMouse.app; sourceTree = BUILT_PRODUCTS_DIR; };
		4CBDCFC32410A9A100265191 /* AppDelegate.h */ = {isa = PBXFileReference; lastKnownFileType = sourcecode.c.h; path = AppDelegate.h; sourceTree = "<group>"; };
		4CBDCFC42410A9A100265191 /* AppDelegate.m */ = {isa = PBXFileReference; lastKnownFileType = sourcecode.c.objc; path = AppDelegate.m; sourceTree = "<group>"; };
		4CBDCFC62410A9A200265191 /* Assets.xcassets */ = {isa = PBXFileReference; lastKnownFileType = folder.assetcatalog; path = Assets.xcassets; sourceTree = "<group>"; };
		4CBDCFC92410A9A200265191 /* Base */ = {isa = PBXFileReference; lastKnownFileType = file.xib; name = Base; path = Base.lproj/MainMenu.xib; sourceTree = "<group>"; };
		4CBDCFCB2410A9A200265191 /* Info.plist */ = {isa = PBXFileReference; lastKnownFileType = text.plist.xml; path = Info.plist; sourceTree = "<group>"; };
		4CBDCFCC2410A9A200265191 /* main.m */ = {isa = PBXFileReference; lastKnownFileType = sourcecode.c.objc; path = main.m; sourceTree = "<group>"; };
		4CBDCFCE2410A9A200265191 /* IgnoresMouse.entitlements */ = {isa = PBXFileReference; lastKnownFileType = text.plist.entitlements; path = IgnoresMouse.entitlements; sourceTree = "<group>"; };
		4CBDCFD42410A9E200265191 /* WindowDelegate.h */ = {isa = PBXFileReference; lastKnownFileType = sourcecode.c.h; path = WindowDelegate.h; sourceTree = "<group>"; };
		4CBDCFD52410A9E200265191 /* WindowDelegate.m */ = {isa = PBXFileReference; lastKnownFileType = sourcecode.c.objc; path = WindowDelegate.m; sourceTree = "<group>"; };
/* End PBXFileReference section */

/* Begin PBXFrameworksBuildPhase section */
		4CBDCFBD2410A9A100265191 /* Frameworks */ = {
			isa = PBXFrameworksBuildPhase;
			buildActionMask = 2147483647;
			files = (
			);
			runOnlyForDeploymentPostprocessing = 0;
		};
/* End PBXFrameworksBuildPhase section */

/* Begin PBXGroup section */
		4CBDCFB72410A9A100265191 = {
			isa = PBXGroup;
			children = (
				4CBDCFC22410A9A100265191 /* IgnoresMouse */,
				4CBDCFC12410A9A100265191 /* Products */,
			);
			sourceTree = "<group>";
		};
		4CBDCFC12410A9A100265191 /* Products */ = {
			isa = PBXGroup;
			children = (
				4CBDCFC02410A9A100265191 /* IgnoresMouse.app */,
			);
			name = Products;
			sourceTree = "<group>";
		};
		4CBDCFC22410A9A100265191 /* IgnoresMouse */ = {
			isa = PBXGroup;
			children = (
				4CBDCFC32410A9A100265191 /* AppDelegate.h */,
				4CBDCFC42410A9A100265191 /* AppDelegate.m */,
				4CBDCFC62410A9A200265191 /* Assets.xcassets */,
				4CBDCFC82410A9A200265191 /* MainMenu.xib */,
				4CBDCFCB2410A9A200265191 /* Info.plist */,
				4CBDCFCC2410A9A200265191 /* main.m */,
				4CBDCFCE2410A9A200265191 /* IgnoresMouse.entitlements */,
				4CBDCFD42410A9E200265191 /* WindowDelegate.h */,
				4CBDCFD52410A9E200265191 /* WindowDelegate.m */,
			);
			path = IgnoresMouse;
			sourceTree = "<group>";
		};
/* End PBXGroup section */

/* Begin PBXNativeTarget section */
		4CBDCFBF2410A9A100265191 /* IgnoresMouse */ = {
			isa = PBXNativeTarget;
			buildConfigurationList = 4CBDCFD12410A9A200265191 /* Build configuration list for PBXNativeTarget "IgnoresMouse" */;
			buildPhases = (
				4CBDCFBC2410A9A100265191 /* Sources */,
				4CBDCFBD2410A9A100265191 /* Frameworks */,
				4CBDCFBE2410A9A100265191 /* Resources */,
			);
			buildRules = (
			);
			dependencies = (
			);
			name = IgnoresMouse;
			productName = IgnoresMouse;
			productReference = 4CBDCFC02410A9A100265191 /* IgnoresMouse.app */;
			productType = "com.apple.product-type.application";
		};
/* End PBXNativeTarget section */

/* Begin PBXProject section */
		4CBDCFB82410A9A100265191 /* Project object */ = {
			isa = PBXProject;
			attributes = {
				LastUpgradeCheck = 1110;
				ORGANIZATIONNAME = barry;
				TargetAttributes = {
					4CBDCFBF2410A9A100265191 = {
						CreatedOnToolsVersion = 11.1;
					};
				};
			};
			buildConfigurationList = 4CBDCFBB2410A9A100265191 /* Build configuration list for PBXProject "IgnoresMouse" */;
			compatibilityVersion = "Xcode 9.3";
			developmentRegion = en;
			hasScannedForEncodings = 0;
			knownRegions = (
				en,
				Base,
			);
			mainGroup = 4CBDCFB72410A9A100265191;
			productRefGroup = 4CBDCFC12410A9A100265191 /* Products */;
			projectDirPath = "";
			projectRoot = "";
			targets = (
				4CBDCFBF2410A9A100265191 /* IgnoresMouse */,
			);
		};
/* End PBXProject section */

/* Begin PBXResourcesBuildPhase section */
		4CBDCFBE2410A9A100265191 /* Resources */ = {
			isa = PBXResourcesBuildPhase;
			buildActionMask = 2147483647;
			files = (
				4CBDCFC72410A9A200265191 /* Assets.xcassets in Resources */,
				4CBDCFCA2410A9A200265191 /* MainMenu.xib in Resources */,
			);
			runOnlyForDeploymentPostprocessing = 0;
		};
/* End PBXResourcesBuildPhase section */

/* Begin PBXSourcesBuildPhase section */
		4CBDCFBC2410A9A100265191 /* Sources */ = {
			isa = PBXSourcesBuildPhase;
			buildActionMask = 2147483647;
			files = (
				4CBDCFD62410A9E200265191 /* WindowDelegate.m in Sources */,
				4CBDCFCD2410A9A200265191 /* main.m in Sources */,
				4CBDCFC52410A9A100265191 /* AppDelegate.m in Sources */,
			);
			runOnlyForDeploymentPostprocessing = 0;
		};
/* End PBXSourcesBuildPhase section */

/* Begin PBXVariantGroup section */
		4CBDCFC82410A9A200265191 /* MainMenu.xib */ = {
			isa = PBXVariantGroup;
			children = (
				4CBDCFC92410A9A200265191 /* Base */,
			);
			name = MainMenu.xib;
			sourceTree = "<group>";
		};
/* End PBXVariantGroup section */

/* Begin XCBuildConfiguration section */
		4CBDCFCF2410A9A200265191 /* Debug */ = {
			isa = XCBuildConfiguration;
			buildSettings = {
				ALWAYS_SEARCH_USER_PATHS = NO;
				CLANG_ANALYZER_NONNULL = YES;
				CLANG_ANALYZER_NUMBER_OBJECT_CONVERSION = YES_AGGRESSIVE;
				CLANG_CXX_LANGUAGE_STANDARD = "gnu++14";
				CLANG_CXX_LIBRARY = "libc++";
				CLANG_ENABLE_MODULES = YES;
				CLANG_ENABLE_OBJC_ARC = YES;
				CLANG_ENABLE_OBJC_WEAK = YES;
				CLANG_WARN_BLOCK_CAPTURE_AUTORELEASING = YES;
				CLANG_WARN_BOOL_CONVERSION = YES;
				CLANG_WARN_COMMA = YES;
				CLANG_WARN_CONSTANT_CONVERSION = YES;
				CLANG_WARN_DEPRECATED_OBJC_IMPLEMENTATIONS = YES;
				CLANG_WARN_DIRECT_OBJC_ISA_USAGE = YES_ERROR;
				CLANG_WARN_DOCUMENTATION_COMMENTS = YES;
				CLANG_WARN_EMPTY_BODY = YES;
				CLANG_WARN_ENUM_CONVERSION = YES;
				CLANG_WARN_INFINITE_RECURSION = YES;
				CLANG_WARN_INT_CONVERSION = YES;
				CLANG_WARN_NON_LITERAL_NULL_CONVERSION = YES;
				CLANG_WARN_OBJC_IMPLICIT_RETAIN_SELF = YES;
				CLANG_WARN_OBJC_LITERAL_CONVERSION = YES;
				CLANG_WARN_OBJC_ROOT_CLASS = YES_ERROR;
				CLANG_WARN_RANGE_LOOP_ANALYSIS = YES;
				CLANG_WARN_STRICT_PROTOTYPES = YES;
				CLANG_WARN_SUSPICIOUS_MOVE = YES;
				CLANG_WARN_UNGUARDED_AVAILABILITY = YES_AGGRESSIVE;
				CLANG_WARN_UNREACHABLE_CODE = YES;
				CLANG_WARN__DUPLICATE_METHOD_MATCH = YES;
				COPY_PHASE_STRIP = NO;
				DEBUG_INFORMATION_FORMAT = dwarf;
				ENABLE_STRICT_OBJC_MSGSEND = YES;
				ENABLE_TESTABILITY = YES;
				GCC_C_LANGUAGE_STANDARD = gnu11;
				GCC_DYNAMIC_NO_PIC = NO;
				GCC_NO_COMMON_BLOCKS = YES;
				GCC_OPTIMIZATION_LEVEL = 0;
				GCC_PREPROCESSOR_DEFINITIONS = (
					"DEBUG=1",
					"$(inherited)",
				);
				GCC_WARN_64_TO_32_BIT_CONVERSION = YES;
				GCC_WARN_ABOUT_RETURN_TYPE = YES_ERROR;
				GCC_WARN_UNDECLARED_SELECTOR = YES;
				GCC_WARN_UNINITIALIZED_AUTOS = YES_AGGRESSIVE;
				GCC_WARN_UNUSED_FUNCTION = YES;
				GCC_WARN_UNUSED_VARIABLE = YES;
				MACOSX_DEPLOYMENT_TARGET = 10.14;
				MTL_ENABLE_DEBUG_INFO = INCLUDE_SOURCE;
				MTL_FAST_MATH = YES;
				ONLY_ACTIVE_ARCH = YES;
				SDKROOT = macosx;
			};
			name = Debug;
		};
		4CBDCFD02410A9A200265191 /* Release */ = {
			isa = XCBuildConfiguration;
			buildSettings = {
				ALWAYS_SEARCH_USER_PATHS = NO;
				CLANG_ANALYZER_NONNULL = YES;
				CLANG_ANALYZER_NUMBER_OBJECT_CONVERSION = YES_AGGRESSIVE;
				CLANG_CXX_LANGUAGE_STANDARD = "gnu++14";
				CLANG_CXX_LIBRARY = "libc++";
				CLANG_ENABLE_MODULES = YES;
				CLANG_ENABLE_OBJC_ARC = YES;
				CLANG_ENABLE_OBJC_WEAK = YES;
				CLANG_WARN_BLOCK_CAPTURE_AUTORELEASING = YES;
				CLANG_WARN_BOOL_CONVERSION = YES;
				CLANG_WARN_COMMA = YES;
				CLANG_WARN_CONSTANT_CONVERSION = YES;
				CLANG_WARN_DEPRECATED_OBJC_IMPLEMENTATIONS = YES;
				CLANG_WARN_DIRECT_OBJC_ISA_USAGE = YES_ERROR;
				CLANG_WARN_DOCUMENTATION_COMMENTS = YES;
				CLANG_WARN_EMPTY_BODY = YES;
				CLANG_WARN_ENUM_CONVERSION = YES;
				CLANG_WARN_INFINITE_RECURSION = YES;
				CLANG_WARN_INT_CONVERSION = YES;
				CLANG_WARN_NON_LITERAL_NULL_CONVERSION = YES;
				CLANG_WARN_OBJC_IMPLICIT_RETAIN_SELF = YES;
				CLANG_WARN_OBJC_LITERAL_CONVERSION = YES;
				CLANG_WARN_OBJC_ROOT_CLASS = YES_ERROR;
				CLANG_WARN_RANGE_LOOP_ANALYSIS = YES;
				CLANG_WARN_STRICT_PROTOTYPES = YES;
				CLANG_WARN_SUSPICIOUS_MOVE = YES;
				CLANG_WARN_UNGUARDED_AVAILABILITY = YES_AGGRESSIVE;
				CLANG_WARN_UNREACHABLE_CODE = YES;
				CLANG_WARN__DUPLICATE_METHOD_MATCH = YES;
				COPY_PHASE_STRIP = NO;
				DEBUG_INFORMATION_FORMAT = "dwarf-with-dsym";
				ENABLE_NS_ASSERTIONS = NO;
				ENABLE_STRICT_OBJC_MSGSEND = YES;
				GCC_C_LANGUAGE_STANDARD = gnu11;
				GCC_NO_COMMON_BLOCKS = YES;
				GCC_WARN_64_TO_32_BIT_CONVERSION = YES;
				GCC_WARN_ABOUT_RETURN_TYPE = YES_ERROR;
				GCC_WARN_UNDECLARED_SELECTOR = YES;
				GCC_WARN_UNINITIALIZED_AUTOS = YES_AGGRESSIVE;
				GCC_WARN_UNUSED_FUNCTION = YES;
				GCC_WARN_UNUSED_VARIABLE = YES;
				MACOSX_DEPLOYMENT_TARGET = 10.14;
				MTL_ENABLE_DEBUG_INFO = NO;
				MTL_FAST_MATH = YES;
				SDKROOT = macosx;
			};
			name = Release;
		};
		4CBDCFD22410A9A200265191 /* Debug */ = {
			isa = XCBuildConfiguration;
			buildSettings = {
				ASSETCATALOG_COMPILER_APPICON_NAME = AppIcon;
				CODE_SIGN_ENTITLEMENTS = IgnoresMouse/IgnoresMouse.entitlements;
				CODE_SIGN_STYLE = Automatic;
				COMBINE_HIDPI_IMAGES = YES;
				INFOPLIST_FILE = IgnoresMouse/Info.plist;
				LD_RUNPATH_SEARCH_PATHS = (
					"$(inherited)",
					"@executable_path/../Frameworks",
				);
				PRODUCT_BUNDLE_IDENTIFIER = com.barry.learnmac.IgnoresMouse;
				PRODUCT_NAME = "$(TARGET_NAME)";
			};
			name = Debug;
		};
		4CBDCFD32410A9A200265191 /* Release */ = {
			isa = XCBuildConfiguration;
			buildSettings = {
				ASSETCATALOG_COMPILER_APPICON_NAME = AppIcon;
				CODE_SIGN_ENTITLEMENTS = IgnoresMouse/IgnoresMouse.entitlements;
				CODE_SIGN_STYLE = Automatic;
				COMBINE_HIDPI_IMAGES = YES;
				INFOPLIST_FILE = IgnoresMouse/Info.plist;
				LD_RUNPATH_SEARCH_PATHS = (
					"$(inherited)",
					"@executable_path/../Frameworks",
				);
				PRODUCT_BUNDLE_IDENTIFIER = com.barry.learnmac.IgnoresMouse;
				PRODUCT_NAME = "$(TARGET_NAME)";
			};
			name = Release;
		};
/* End XCBuildConfiguration section */

/* Begin XCConfigurationList section */
		4CBDCFBB2410A9A100265191 /* Build configuration list for PBXProject "IgnoresMouse" */ = {
			isa = XCConfigurationList;
			buildConfigurations = (
				4CBDCFCF2410A9A200265191 /* Debug */,
				4CBDCFD02410A9A200265191 /* Release */,
			);
			defaultConfigurationIsVisible = 0;
			defaultConfigurationName = Release;
		};
		4CBDCFD12410A9A200265191 /* Build configuration list for PBXNativeTarget "IgnoresMouse" */ = {
			isa = XCConfigurationList;
			buildConfigurations = (
				4CBDCFD22410A9A200265191 /* Debug */,
				4CBDCFD32410A9A200265191 /* Release */,
			);
			defaultConfigurationIsVisible = 0;
			defaultConfigurationName = Release;
		};
/* End XCConfigurationList section */
	};
	rootObject = 4CBDCFB82410A9A100265191 /* Project object */;
}
