// !$*UTF8*$!
{
	archiveVersion = 1;
	classes = {
	};
	objectVersion = 48;
	objects = {

/* Begin PBXBuildFile section */
		254BAAC62032DDE800085111 /* AppDelegate.m in Sources */ = {isa = PBXBuildFile; fileRef = 254BAAC52032DDE800085111 /* AppDelegate.m */; };
		254BAAC82032DDE900085111 /* Assets.xcassets in Resources */ = {isa = PBXBuildFile; fileRef = 254BAAC72032DDE900085111 /* Assets.xcassets */; };
		254BAACB2032DDE900085111 /* MainMenu.xib in Resources */ = {isa = PBXBuildFile; fileRef = 254BAAC92032DDE900085111 /* MainMenu.xib */; };
		254BAACE2032DDE900085111 /* main.m in Sources */ = {isa = PBXBuildFile; fileRef = 254BAACD2032DDE900085111 /* main.m */; };
		254BAAD72032DE0000085111 /* OpenGLView.m in Sources */ = {isa = PBXBuildFile; fileRef = 254BAAD62032DE0000085111 /* OpenGLView.m */; };
		254BAADA2032DE0D00085111 /* OpenGL.framework in Frameworks */ = {isa = PBXBuildFile; fileRef = 254BAAD92032DE0D00085111 /* OpenGL.framework */; };
		254BAADC2032DE1200085111 /* Cocoa.framework in Frameworks */ = {isa = PBXBuildFile; fileRef = 254BAADB2032DE1200085111 /* Cocoa.framework */; };
		254BAADE2032DE1A00085111 /* QuartzCore.framework in Frameworks */ = {isa = PBXBuildFile; fileRef = 254BAADD2032DE1A00085111 /* QuartzCore.framework */; };
		254BAAE02032DE2A00085111 /* Window.xib in Resources */ = {isa = PBXBuildFile; fileRef = 254BAADF2032DE2A00085111 /* Window.xib */; };
		254BAAE32032E24C00085111 /* WindowDelegate.m in Sources */ = {isa = PBXBuildFile; fileRef = 254BAAE22032E24C00085111 /* WindowDelegate.m */; };
/* End PBXBuildFile section */

/* Begin PBXFileReference section */
		254BAAC12032DDE800085111 /* opengl-macos.app */ = {isa = PBXFileReference; explicitFileType = wrapper.application; includeInIndex = 0; path = "opengl-macos.app"; sourceTree = BUILT_PRODUCTS_DIR; };
		254BAAC42032DDE800085111 /* AppDelegate.h */ = {isa = PBXFileReference; lastKnownFileType = sourcecode.c.h; path = AppDelegate.h; sourceTree = "<group>"; };
		254BAAC52032DDE800085111 /* AppDelegate.m */ = {isa = PBXFileReference; lastKnownFileType = sourcecode.c.objc; path = AppDelegate.m; sourceTree = "<group>"; };
		254BAAC72032DDE900085111 /* Assets.xcassets */ = {isa = PBXFileReference; lastKnownFileType = folder.assetcatalog; path = Assets.xcassets; sourceTree = "<group>"; };
		254BAACA2032DDE900085111 /* Base */ = {isa = PBXFileReference; lastKnownFileType = file.xib; name = Base; path = Base.lproj/MainMenu.xib; sourceTree = "<group>"; };
		254BAACC2032DDE900085111 /* Info.plist */ = {isa = PBXFileReference; lastKnownFileType = text.plist.xml; path = Info.plist; sourceTree = "<group>"; };
		254BAACD2032DDE900085111 /* main.m */ = {isa = PBXFileReference; lastKnownFileType = sourcecode.c.objc; path = main.m; sourceTree = "<group>"; };
		254BAAD52032DE0000085111 /* OpenGLView.h */ = {isa = PBXFileReference; lastKnownFileType = sourcecode.c.h; path = OpenGLView.h; sourceTree = "<group>"; };
		254BAAD62032DE0000085111 /* OpenGLView.m */ = {isa = PBXFileReference; lastKnownFileType = sourcecode.c.objc; path = OpenGLView.m; sourceTree = "<group>"; };
		254BAAD92032DE0D00085111 /* OpenGL.framework */ = {isa = PBXFileReference; lastKnownFileType = wrapper.framework; name = OpenGL.framework; path = System/Library/Frameworks/OpenGL.framework; sourceTree = SDKROOT; };
		254BAADB2032DE1200085111 /* Cocoa.framework */ = {isa = PBXFileReference; lastKnownFileType = wrapper.framework; name = Cocoa.framework; path = System/Library/Frameworks/Cocoa.framework; sourceTree = SDKROOT; };
		254BAADD2032DE1A00085111 /* QuartzCore.framework */ = {isa = PBXFileReference; lastKnownFileType = wrapper.framework; name = QuartzCore.framework; path = System/Library/Frameworks/QuartzCore.framework; sourceTree = SDKROOT; };
		254BAADF2032DE2A00085111 /* Window.xib */ = {isa = PBXFileReference; lastKnownFileType = file.xib; path = Window.xib; sourceTree = "<group>"; };
		254BAAE12032E24C00085111 /* WindowDelegate.h */ = {isa = PBXFileReference; lastKnownFileType = sourcecode.c.h; path = WindowDelegate.h; sourceTree = "<group>"; };
		254BAAE22032E24C00085111 /* WindowDelegate.m */ = {isa = PBXFileReference; lastKnownFileType = sourcecode.c.objc; path = WindowDelegate.m; sourceTree = "<group>"; };
		254BAAE42032F4E500085111 /* opengl-macos.entitlements */ = {isa = PBXFileReference; lastKnownFileType = text.plist.entitlements; path = "opengl-macos.entitlements"; sourceTree = "<group>"; };
/* End PBXFileReference section */

/* Begin PBXFrameworksBuildPhase section */
		254BAABE2032DDE800085111 /* Frameworks */ = {
			isa = PBXFrameworksBuildPhase;
			buildActionMask = 2147483647;
			files = (
				254BAADE2032DE1A00085111 /* QuartzCore.framework in Frameworks */,
				254BAADC2032DE1200085111 /* Cocoa.framework in Frameworks */,
				254BAADA2032DE0D00085111 /* OpenGL.framework in Frameworks */,
			);
			runOnlyForDeploymentPostprocessing = 0;
		};
/* End PBXFrameworksBuildPhase section */

/* Begin PBXGroup section */
		254BAAB82032DDE800085111 = {
			isa = PBXGroup;
			children = (
				254BAAC32032DDE800085111 /* opengl-macos */,
				254BAAC22032DDE800085111 /* Products */,
				254BAAD82032DE0D00085111 /* Frameworks */,
			);
			sourceTree = "<group>";
		};
		254BAAC22032DDE800085111 /* Products */ = {
			isa = PBXGroup;
			children = (
				254BAAC12032DDE800085111 /* opengl-macos.app */,
			);
			name = Products;
			sourceTree = "<group>";
		};
		254BAAC32032DDE800085111 /* opengl-macos */ = {
			isa = PBXGroup;
			children = (
				254BAAC42032DDE800085111 /* AppDelegate.h */,
				254BAAC52032DDE800085111 /* AppDelegate.m */,
				254BAAE12032E24C00085111 /* WindowDelegate.h */,
				254BAAE22032E24C00085111 /* WindowDelegate.m */,
				254BAAD52032DE0000085111 /* OpenGLView.h */,
				254BAAD62032DE0000085111 /* OpenGLView.m */,
				254BAAC72032DDE900085111 /* Assets.xcassets */,
				254BAAC92032DDE900085111 /* MainMenu.xib */,
				254BAADF2032DE2A00085111 /* Window.xib */,
				254BAACC2032DDE900085111 /* Info.plist */,
				254BAACD2032DDE900085111 /* main.m */,
				254BAAE42032F4E500085111 /* opengl-macos.entitlements */,
			);
			path = "opengl-macos";
			sourceTree = "<group>";
		};
		254BAAD82032DE0D00085111 /* Frameworks */ = {
			isa = PBXGroup;
			children = (
				254BAADD2032DE1A00085111 /* QuartzCore.framework */,
				254BAADB2032DE1200085111 /* Cocoa.framework */,
				254BAAD92032DE0D00085111 /* OpenGL.framework */,
			);
			name = Frameworks;
			sourceTree = "<group>";
		};
/* End PBXGroup section */

/* Begin PBXNativeTarget section */
		254BAAC02032DDE800085111 /* opengl-macos */ = {
			isa = PBXNativeTarget;
			buildConfigurationList = 254BAAD22032DDE900085111 /* Build configuration list for PBXNativeTarget "opengl-macos" */;
			buildPhases = (
				254BAABD2032DDE800085111 /* Sources */,
				254BAABE2032DDE800085111 /* Frameworks */,
				254BAABF2032DDE800085111 /* Resources */,
			);
			buildRules = (
			);
			dependencies = (
			);
			name = "opengl-macos";
			productName = "opengl-macos";
			productReference = 254BAAC12032DDE800085111 /* opengl-macos.app */;
			productType = "com.apple.product-type.application";
		};
/* End PBXNativeTarget section */

/* Begin PBXProject section */
		254BAAB92032DDE800085111 /* Project object */ = {
			isa = PBXProject;
			attributes = {
				LastUpgradeCheck = 0920;
				ORGANIZATIONNAME = "Xavier Slattery";
				TargetAttributes = {
					254BAAC02032DDE800085111 = {
						CreatedOnToolsVersion = 9.2;
						ProvisioningStyle = Automatic;
					};
				};
			};
			buildConfigurationList = 254BAABC2032DDE800085111 /* Build configuration list for PBXProject "opengl-macos" */;
			compatibilityVersion = "Xcode 8.0";
			developmentRegion = en;
			hasScannedForEncodings = 0;
			knownRegions = (
				en,
				Base,
			);
			mainGroup = 254BAAB82032DDE800085111;
			productRefGroup = 254BAAC22032DDE800085111 /* Products */;
			projectDirPath = "";
			projectRoot = "";
			targets = (
				254BAAC02032DDE800085111 /* opengl-macos */,
			);
		};
/* End PBXProject section */

/* Begin PBXResourcesBuildPhase section */
		254BAABF2032DDE800085111 /* Resources */ = {
			isa = PBXResourcesBuildPhase;
			buildActionMask = 2147483647;
			files = (
				254BAAC82032DDE900085111 /* Assets.xcassets in Resources */,
				254BAACB2032DDE900085111 /* MainMenu.xib in Resources */,
				254BAAE02032DE2A00085111 /* Window.xib in Resources */,
			);
			runOnlyForDeploymentPostprocessing = 0;
		};
/* End PBXResourcesBuildPhase section */

/* Begin PBXSourcesBuildPhase section */
		254BAABD2032DDE800085111 /* Sources */ = {
			isa = PBXSourcesBuildPhase;
			buildActionMask = 2147483647;
			files = (
				254BAACE2032DDE900085111 /* main.m in Sources */,
				254BAAD72032DE0000085111 /* OpenGLView.m in Sources */,
				254BAAE32032E24C00085111 /* WindowDelegate.m in Sources */,
				254BAAC62032DDE800085111 /* AppDelegate.m in Sources */,
			);
			runOnlyForDeploymentPostprocessing = 0;
		};
/* End PBXSourcesBuildPhase section */

/* Begin PBXVariantGroup section */
		254BAAC92032DDE900085111 /* MainMenu.xib */ = {
			isa = PBXVariantGroup;
			children = (
				254BAACA2032DDE900085111 /* Base */,
			);
			name = MainMenu.xib;
			sourceTree = "<group>";
		};
/* End PBXVariantGroup section */

/* Begin XCBuildConfiguration section */
		254BAAD02032DDE900085111 /* Debug */ = {
			isa = XCBuildConfiguration;
			buildSettings = {
				ALWAYS_SEARCH_USER_PATHS = NO;
				CLANG_ANALYZER_NONNULL = YES;
				CLANG_ANALYZER_NUMBER_OBJECT_CONVERSION = YES_AGGRESSIVE;
				CLANG_CXX_LANGUAGE_STANDARD = "gnu++14";
				CLANG_CXX_LIBRARY = "libc++";
				CLANG_ENABLE_MODULES = YES;
				CLANG_ENABLE_OBJC_ARC = YES;
				CLANG_WARN_BLOCK_CAPTURE_AUTORELEASING = YES;
				CLANG_WARN_BOOL_CONVERSION = YES;
				CLANG_WARN_COMMA = YES;
				CLANG_WARN_CONSTANT_CONVERSION = YES;
				CLANG_WARN_DIRECT_OBJC_ISA_USAGE = YES_ERROR;
				CLANG_WARN_DOCUMENTATION_COMMENTS = YES;
				CLANG_WARN_EMPTY_BODY = YES;
				CLANG_WARN_ENUM_CONVERSION = YES;
				CLANG_WARN_INFINITE_RECURSION = YES;
				CLANG_WARN_INT_CONVERSION = YES;
				CLANG_WARN_NON_LITERAL_NULL_CONVERSION = YES;
				CLANG_WARN_OBJC_LITERAL_CONVERSION = YES;
				CLANG_WARN_OBJC_ROOT_CLASS = YES_ERROR;
				CLANG_WARN_RANGE_LOOP_ANALYSIS = YES;
				CLANG_WARN_STRICT_PROTOTYPES = YES;
				CLANG_WARN_SUSPICIOUS_MOVE = YES;
				CLANG_WARN_UNGUARDED_AVAILABILITY = YES_AGGRESSIVE;
				CLANG_WARN_UNREACHABLE_CODE = YES;
				CLANG_WARN__DUPLICATE_METHOD_MATCH = YES;
				CODE_SIGN_IDENTITY = "Mac Developer";
				COPY_PHASE_STRIP = NO;
				DEBUG_INFORMATION_FORMAT = dwarf;
				ENABLE_STRICT_OBJC_MSGSEND = YES;
				ENABLE_TESTABILITY = YES;
				GCC_C_LANGUAGE_STANDARD = gnu11;
				GCC_DYNAMIC_NO_PIC = NO;
				GCC_NO_COMMON_BLOCKS = YES;
				GCC_OPTIMIZATION_LEVEL = 0;
				GCC_PREPROCESSOR_DEFINITIONS = (
					"DEBUG=1",
					"$(inherited)",
				);
				GCC_WARN_64_TO_32_BIT_CONVERSION = YES;
				GCC_WARN_ABOUT_RETURN_TYPE = YES_ERROR;
				GCC_WARN_UNDECLARED_SELECTOR = YES;
				GCC_WARN_UNINITIALIZED_AUTOS = YES_AGGRESSIVE;
				GCC_WARN_UNUSED_FUNCTION = YES;
				GCC_WARN_UNUSED_VARIABLE = YES;
				MACOSX_DEPLOYMENT_TARGET = 10.13;
				MTL_ENABLE_DEBUG_INFO = YES;
				ONLY_ACTIVE_ARCH = YES;
				SDKROOT = macosx;
			};
			name = Debug;
		};
		254BAAD12032DDE900085111 /* Release */ = {
			isa = XCBuildConfiguration;
			buildSettings = {
				ALWAYS_SEARCH_USER_PATHS = NO;
				CLANG_ANALYZER_NONNULL = YES;
				CLANG_ANALYZER_NUMBER_OBJECT_CONVERSION = YES_AGGRESSIVE;
				CLANG_CXX_LANGUAGE_STANDARD = "gnu++14";
				CLANG_CXX_LIBRARY = "libc++";
				CLANG_ENABLE_MODULES = YES;
				CLANG_ENABLE_OBJC_ARC = YES;
				CLANG_WARN_BLOCK_CAPTURE_AUTORELEASING = YES;
				CLANG_WARN_BOOL_CONVERSION = YES;
				CLANG_WARN_COMMA = YES;
				CLANG_WARN_CONSTANT_CONVERSION = YES;
				CLANG_WARN_DIRECT_OBJC_ISA_USAGE = YES_ERROR;
				CLANG_WARN_DOCUMENTATION_COMMENTS = YES;
				CLANG_WARN_EMPTY_BODY = YES;
				CLANG_WARN_ENUM_CONVERSION = YES;
				CLANG_WARN_INFINITE_RECURSION = YES;
				CLANG_WARN_INT_CONVERSION = YES;
				CLANG_WARN_NON_LITERAL_NULL_CONVERSION = YES;
				CLANG_WARN_OBJC_LITERAL_CONVERSION = YES;
				CLANG_WARN_OBJC_ROOT_CLASS = YES_ERROR;
				CLANG_WARN_RANGE_LOOP_ANALYSIS = YES;
				CLANG_WARN_STRICT_PROTOTYPES = YES;
				CLANG_WARN_SUSPICIOUS_MOVE = YES;
				CLANG_WARN_UNGUARDED_AVAILABILITY = YES_AGGRESSIVE;
				CLANG_WARN_UNREACHABLE_CODE = YES;
				CLANG_WARN__DUPLICATE_METHOD_MATCH = YES;
				CODE_SIGN_IDENTITY = "Mac Developer";
				COPY_PHASE_STRIP = NO;
				DEBUG_INFORMATION_FORMAT = "dwarf-with-dsym";
				ENABLE_NS_ASSERTIONS = NO;
				ENABLE_STRICT_OBJC_MSGSEND = YES;
				GCC_C_LANGUAGE_STANDARD = gnu11;
				GCC_NO_COMMON_BLOCKS = YES;
				GCC_WARN_64_TO_32_BIT_CONVERSION = YES;
				GCC_WARN_ABOUT_RETURN_TYPE = YES_ERROR;
				GCC_WARN_UNDECLARED_SELECTOR = YES;
				GCC_WARN_UNINITIALIZED_AUTOS = YES_AGGRESSIVE;
				GCC_WARN_UNUSED_FUNCTION = YES;
				GCC_WARN_UNUSED_VARIABLE = YES;
				MACOSX_DEPLOYMENT_TARGET = 10.13;
				MTL_ENABLE_DEBUG_INFO = NO;
				SDKROOT = macosx;
			};
			name = Release;
		};
		254BAAD32032DDE900085111 /* Debug */ = {
			isa = XCBuildConfiguration;
			buildSettings = {
				ASSETCATALOG_COMPILER_APPICON_NAME = AppIcon;
				CODE_SIGN_IDENTITY = "-";
				CODE_SIGN_STYLE = Automatic;
				COMBINE_HIDPI_IMAGES = YES;
				DEVELOPMENT_TEAM = "";
				INFOPLIST_FILE = "opengl-macos/Info.plist";
				LD_RUNPATH_SEARCH_PATHS = "$(inherited) @executable_path/../Frameworks";
				PRODUCT_BUNDLE_IDENTIFIER = com.a.b;
				PRODUCT_NAME = "$(TARGET_NAME)";
			};
			name = Debug;
		};
		254BAAD42032DDE900085111 /* Release */ = {
			isa = XCBuildConfiguration;
			buildSettings = {
				ASSETCATALOG_COMPILER_APPICON_NAME = AppIcon;
				CODE_SIGN_IDENTITY = "-";
				CODE_SIGN_STYLE = Automatic;
				COMBINE_HIDPI_IMAGES = YES;
				DEVELOPMENT_TEAM = "";
				INFOPLIST_FILE = "opengl-macos/Info.plist";
				LD_RUNPATH_SEARCH_PATHS = "$(inherited) @executable_path/../Frameworks";
				PRODUCT_BUNDLE_IDENTIFIER = com.a.b;
				PRODUCT_NAME = "$(TARGET_NAME)";
			};
			name = Release;
		};
/* End XCBuildConfiguration section */

/* Begin XCConfigurationList section */
		254BAABC2032DDE800085111 /* Build configuration list for PBXProject "opengl-macos" */ = {
			isa = XCConfigurationList;
			buildConfigurations = (
				254BAAD02032DDE900085111 /* Debug */,
				254BAAD12032DDE900085111 /* Release */,
			);
			defaultConfigurationIsVisible = 0;
			defaultConfigurationName = Release;
		};
		254BAAD22032DDE900085111 /* Build configuration list for PBXNativeTarget "opengl-macos" */ = {
			isa = XCConfigurationList;
			buildConfigurations = (
				254BAAD32032DDE900085111 /* Debug */,
				254BAAD42032DDE900085111 /* Release */,
			);
			defaultConfigurationIsVisible = 0;
			defaultConfigurationName = Release;
		};
/* End XCConfigurationList section */
	};
	rootObject = 254BAAB92032DDE800085111 /* Project object */;
}
